
Microsoft Visual Studio Solution File, Format Version 12.00
# Visual Studio 14
VisualStudioVersion = 14.0.25420.1
MinimumVisualStudioVersion = 10.0.40219.1
Project("{2150E333-8FDC-42A3-9474-1A3956D46DE8}") = "NotificationRestartApp", "NotificationRestartApp", "{0B1225AD-C4E6-4813-9C36-276909BF51B5}"
EndProject
Project("{FAE04EC0-301F-11D3-BF4B-00C04F79EFBC}") = "NotificationRestartApp", "NotificationRestartApp\NotificationRestartApp\NotificationRestartApp.csproj", "{D0B9E15C-E618-46FA-A3DD-03885D2CA752}"
EndProject
Project("{FAE04EC0-301F-11D3-BF4B-00C04F79EFBC}") = "NotificationRestartApp.Droid", "NotificationRestartApp\NotificationRestartApp.Droid\NotificationRestartApp.Droid.csproj", "{4E644DDA-CA12-47AA-9727-1FE0BF22E031}"
EndProject
Project("{FAE04EC0-301F-11D3-BF4B-00C04F79EFBC}") = "NotificationRestartApp.iOS", "NotificationRestartApp\NotificationRestartApp.iOS\NotificationRestartApp.iOS.csproj", "{F8E57DEA-3CD5-41E1-91AD-1DA7643876CA}"
EndProject
Project("{FAE04EC0-301F-11D3-BF4B-00C04F79EFBC}") = "NotificationRestartApp.WinPhone", "NotificationRestartApp\NotificationRestartApp.WinPhone\NotificationRestartApp.WinPhone.csproj", "{B761D7B5-0915-462B-8C7A-E6413B8F9CB8}"
EndProject
Project("{FAE04EC0-301F-11D3-BF4B-00C04F79EFBC}") = "NotificationRestartApp.Windows", "NotificationRestartApp\NotificationRestartApp.Windows\NotificationRestartApp.Windows.csproj", "{5842F2CB-B1FC-4F41-95E1-F8E6F18828B8}"
EndProject
Global
	GlobalSection(SolutionConfigurationPlatforms) = preSolution
		Ad-Hoc|Any CPU = Ad-Hoc|Any CPU
		Ad-Hoc|ARM = Ad-Hoc|ARM
		Ad-Hoc|iPhone = Ad-Hoc|iPhone
		Ad-Hoc|iPhoneSimulator = Ad-Hoc|iPhoneSimulator
		Ad-Hoc|x64 = Ad-Hoc|x64
		Ad-Hoc|x86 = Ad-Hoc|x86
		AppStore|Any CPU = AppStore|Any CPU
		AppStore|ARM = AppStore|ARM
		AppStore|iPhone = AppStore|iPhone
		AppStore|iPhoneSimulator = AppStore|iPhoneSimulator
		AppStore|x64 = AppStore|x64
		AppStore|x86 = AppStore|x86
		Debug|Any CPU = Debug|Any CPU
		Debug|ARM = Debug|ARM
		Debug|iPhone = Debug|iPhone
		Debug|iPhoneSimulator = Debug|iPhoneSimulator
		Debug|x64 = Debug|x64
		Debug|x86 = Debug|x86
		Release|Any CPU = Release|Any CPU
		Release|ARM = Release|ARM
		Release|iPhone = Release|iPhone
		Release|iPhoneSimulator = Release|iPhoneSimulator
		Release|x64 = Release|x64
		Release|x86 = Release|x86
	EndGlobalSection
	GlobalSection(ProjectConfigurationPlatforms) = postSolution
		{D0B9E15C-E618-46FA-A3DD-03885D2CA752}.Ad-Hoc|Any CPU.ActiveCfg = Release|Any CPU
		{D0B9E15C-E618-46FA-A3DD-03885D2CA752}.Ad-Hoc|Any CPU.Build.0 = Release|Any CPU
		{D0B9E15C-E618-46FA-A3DD-03885D2CA752}.Ad-Hoc|ARM.ActiveCfg = Release|Any CPU
		{D0B9E15C-E618-46FA-A3DD-03885D2CA752}.Ad-Hoc|ARM.Build.0 = Release|Any CPU
		{D0B9E15C-E618-46FA-A3DD-03885D2CA752}.Ad-Hoc|iPhone.ActiveCfg = Release|Any CPU
		{D0B9E15C-E618-46FA-A3DD-03885D2CA752}.Ad-Hoc|iPhone.Build.0 = Release|Any CPU
		{D0B9E15C-E618-46FA-A3DD-03885D2CA752}.Ad-Hoc|iPhoneSimulator.ActiveCfg = Release|Any CPU
		{D0B9E15C-E618-46FA-A3DD-03885D2CA752}.Ad-Hoc|iPhoneSimulator.Build.0 = Release|Any CPU
		{D0B9E15C-E618-46FA-A3DD-03885D2CA752}.Ad-Hoc|x64.ActiveCfg = Release|Any CPU
		{D0B9E15C-E618-46FA-A3DD-03885D2CA752}.Ad-Hoc|x64.Build.0 = Release|Any CPU
		{D0B9E15C-E618-46FA-A3DD-03885D2CA752}.Ad-Hoc|x86.ActiveCfg = Release|Any CPU
		{D0B9E15C-E618-46FA-A3DD-03885D2CA752}.Ad-Hoc|x86.Build.0 = Release|Any CPU
		{D0B9E15C-E618-46FA-A3DD-03885D2CA752}.AppStore|Any CPU.ActiveCfg = Release|Any CPU
		{D0B9E15C-E618-46FA-A3DD-03885D2CA752}.AppStore|Any CPU.Build.0 = Release|Any CPU
		{D0B9E15C-E618-46FA-A3DD-03885D2CA752}.AppStore|ARM.ActiveCfg = Release|Any CPU
		{D0B9E15C-E618-46FA-A3DD-03885D2CA752}.AppStore|ARM.Build.0 = Release|Any CPU
		{D0B9E15C-E618-46FA-A3DD-03885D2CA752}.AppStore|iPhone.ActiveCfg = Release|Any CPU
		{D0B9E15C-E618-46FA-A3DD-03885D2CA752}.AppStore|iPhone.Build.0 = Release|Any CPU
		{D0B9E15C-E618-46FA-A3DD-03885D2CA752}.AppStore|iPhoneSimulator.ActiveCfg = Release|Any CPU
		{D0B9E15C-E618-46FA-A3DD-03885D2CA752}.AppStore|iPhoneSimulator.Build.0 = Release|Any CPU
		{D0B9E15C-E618-46FA-A3DD-03885D2CA752}.AppStore|x64.ActiveCfg = Release|Any CPU
		{D0B9E15C-E618-46FA-A3DD-03885D2CA752}.AppStore|x64.Build.0 = Release|Any CPU
		{D0B9E15C-E618-46FA-A3DD-03885D2CA752}.AppStore|x86.ActiveCfg = Release|Any CPU
		{D0B9E15C-E618-46FA-A3DD-03885D2CA752}.AppStore|x86.Build.0 = Release|Any CPU
		{D0B9E15C-E618-46FA-A3DD-03885D2CA752}.Debug|Any CPU.ActiveCfg = Debug|Any CPU
		{D0B9E15C-E618-46FA-A3DD-03885D2CA752}.Debug|Any CPU.Build.0 = Debug|Any CPU
		{D0B9E15C-E618-46FA-A3DD-03885D2CA752}.Debug|ARM.ActiveCfg = Debug|Any CPU
		{D0B9E15C-E618-46FA-A3DD-03885D2CA752}.Debug|ARM.Build.0 = Debug|Any CPU
		{D0B9E15C-E618-46FA-A3DD-03885D2CA752}.Debug|iPhone.ActiveCfg = Debug|Any CPU
		{D0B9E15C-E618-46FA-A3DD-03885D2CA752}.Debug|iPhone.Build.0 = Debug|Any CPU
		{D0B9E15C-E618-46FA-A3DD-03885D2CA752}.Debug|iPhoneSimulator.ActiveCfg = Debug|Any CPU
		{D0B9E15C-E618-46FA-A3DD-03885D2CA752}.Debug|iPhoneSimulator.Build.0 = Debug|Any CPU
		{D0B9E15C-E618-46FA-A3DD-03885D2CA752}.Debug|x64.ActiveCfg = Debug|Any CPU
		{D0B9E15C-E618-46FA-A3DD-03885D2CA752}.Debug|x64.Build.0 = Debug|Any CPU
		{D0B9E15C-E618-46FA-A3DD-03885D2CA752}.Debug|x86.ActiveCfg = Debug|Any CPU
		{D0B9E15C-E618-46FA-A3DD-03885D2CA752}.Debug|x86.Build.0 = Debug|Any CPU
		{D0B9E15C-E618-46FA-A3DD-03885D2CA752}.Release|Any CPU.ActiveCfg = Release|Any CPU
		{D0B9E15C-E618-46FA-A3DD-03885D2CA752}.Release|Any CPU.Build.0 = Release|Any CPU
		{D0B9E15C-E618-46FA-A3DD-03885D2CA752}.Release|ARM.ActiveCfg = Release|Any CPU
		{D0B9E15C-E618-46FA-A3DD-03885D2CA752}.Release|ARM.Build.0 = Release|Any CPU
		{D0B9E15C-E618-46FA-A3DD-03885D2CA752}.Release|iPhone.ActiveCfg = Release|Any CPU
		{D0B9E15C-E618-46FA-A3DD-03885D2CA752}.Release|iPhone.Build.0 = Release|Any CPU
		{D0B9E15C-E618-46FA-A3DD-03885D2CA752}.Release|iPhoneSimulator.ActiveCfg = Release|Any CPU
		{D0B9E15C-E618-46FA-A3DD-03885D2CA752}.Release|iPhoneSimulator.Build.0 = Release|Any CPU
		{D0B9E15C-E618-46FA-A3DD-03885D2CA752}.Release|x64.ActiveCfg = Release|Any CPU
		{D0B9E15C-E618-46FA-A3DD-03885D2CA752}.Release|x64.Build.0 = Release|Any CPU
		{D0B9E15C-E618-46FA-A3DD-03885D2CA752}.Release|x86.ActiveCfg = Release|Any CPU
		{D0B9E15C-E618-46FA-A3DD-03885D2CA752}.Release|x86.Build.0 = Release|Any CPU
		{4E644DDA-CA12-47AA-9727-1FE0BF22E031}.Ad-Hoc|Any CPU.ActiveCfg = Release|Any CPU
		{4E644DDA-CA12-47AA-9727-1FE0BF22E031}.Ad-Hoc|Any CPU.Build.0 = Release|Any CPU
		{4E644DDA-CA12-47AA-9727-1FE0BF22E031}.Ad-Hoc|Any CPU.Deploy.0 = Release|Any CPU
		{4E644DDA-CA12-47AA-9727-1FE0BF22E031}.Ad-Hoc|ARM.ActiveCfg = Release|Any CPU
		{4E644DDA-CA12-47AA-9727-1FE0BF22E031}.Ad-Hoc|ARM.Build.0 = Release|Any CPU
		{4E644DDA-CA12-47AA-9727-1FE0BF22E031}.Ad-Hoc|ARM.Deploy.0 = Release|Any CPU
		{4E644DDA-CA12-47AA-9727-1FE0BF22E031}.Ad-Hoc|iPhone.ActiveCfg = Release|Any CPU
		{4E644DDA-CA12-47AA-9727-1FE0BF22E031}.Ad-Hoc|iPhone.Build.0 = Release|Any CPU
		{4E644DDA-CA12-47AA-9727-1FE0BF22E031}.Ad-Hoc|iPhone.Deploy.0 = Release|Any CPU
		{4E644DDA-CA12-47AA-9727-1FE0BF22E031}.Ad-Hoc|iPhoneSimulator.ActiveCfg = Release|Any CPU
		{4E644DDA-CA12-47AA-9727-1FE0BF22E031}.Ad-Hoc|iPhoneSimulator.Build.0 = Release|Any CPU
		{4E644DDA-CA12-47AA-9727-1FE0BF22E031}.Ad-Hoc|iPhoneSimulator.Deploy.0 = Release|Any CPU
		{4E644DDA-CA12-47AA-9727-1FE0BF22E031}.Ad-Hoc|x64.ActiveCfg = Release|Any CPU
		{4E644DDA-CA12-47AA-9727-1FE0BF22E031}.Ad-Hoc|x64.Build.0 = Release|Any CPU
		{4E644DDA-CA12-47AA-9727-1FE0BF22E031}.Ad-Hoc|x64.Deploy.0 = Release|Any CPU
		{4E644DDA-CA12-47AA-9727-1FE0BF22E031}.Ad-Hoc|x86.ActiveCfg = Release|Any CPU
		{4E644DDA-CA12-47AA-9727-1FE0BF22E031}.Ad-Hoc|x86.Build.0 = Release|Any CPU
		{4E644DDA-CA12-47AA-9727-1FE0BF22E031}.Ad-Hoc|x86.Deploy.0 = Release|Any CPU
		{4E644DDA-CA12-47AA-9727-1FE0BF22E031}.AppStore|Any CPU.ActiveCfg = Release|Any CPU
		{4E644DDA-CA12-47AA-9727-1FE0BF22E031}.AppStore|Any CPU.Build.0 = Release|Any CPU
		{4E644DDA-CA12-47AA-9727-1FE0BF22E031}.AppStore|Any CPU.Deploy.0 = Release|Any CPU
		{4E644DDA-CA12-47AA-9727-1FE0BF22E031}.AppStore|ARM.ActiveCfg = Release|Any CPU
		{4E644DDA-CA12-47AA-9727-1FE0BF22E031}.AppStore|ARM.Build.0 = Release|Any CPU
		{4E644DDA-CA12-47AA-9727-1FE0BF22E031}.AppStore|ARM.Deploy.0 = Release|Any CPU
		{4E644DDA-CA12-47AA-9727-1FE0BF22E031}.AppStore|iPhone.ActiveCfg = Release|Any CPU
		{4E644DDA-CA12-47AA-9727-1FE0BF22E031}.AppStore|iPhone.Build.0 = Release|Any CPU
		{4E644DDA-CA12-47AA-9727-1FE0BF22E031}.AppStore|iPhone.Deploy.0 = Release|Any CPU
		{4E644DDA-CA12-47AA-9727-1FE0BF22E031}.AppStore|iPhoneSimulator.ActiveCfg = Release|Any CPU
		{4E644DDA-CA12-47AA-9727-1FE0BF22E031}.AppStore|iPhoneSimulator.Build.0 = Release|Any CPU
		{4E644DDA-CA12-47AA-9727-1FE0BF22E031}.AppStore|iPhoneSimulator.Deploy.0 = Release|Any CPU
		{4E644DDA-CA12-47AA-9727-1FE0BF22E031}.AppStore|x64.ActiveCfg = Release|Any CPU
		{4E644DDA-CA12-47AA-9727-1FE0BF22E031}.AppStore|x64.Build.0 = Release|Any CPU
		{4E644DDA-CA12-47AA-9727-1FE0BF22E031}.AppStore|x64.Deploy.0 = Release|Any CPU
		{4E644DDA-CA12-47AA-9727-1FE0BF22E031}.AppStore|x86.ActiveCfg = Release|Any CPU
		{4E644DDA-CA12-47AA-9727-1FE0BF22E031}.AppStore|x86.Build.0 = Release|Any CPU
		{4E644DDA-CA12-47AA-9727-1FE0BF22E031}.AppStore|x86.Deploy.0 = Release|Any CPU
		{4E644DDA-CA12-47AA-9727-1FE0BF22E031}.Debug|Any CPU.ActiveCfg = Debug|Any CPU
		{4E644DDA-CA12-47AA-9727-1FE0BF22E031}.Debug|Any CPU.Build.0 = Debug|Any CPU
		{4E644DDA-CA12-47AA-9727-1FE0BF22E031}.Debug|Any CPU.Deploy.0 = Debug|Any CPU
		{4E644DDA-CA12-47AA-9727-1FE0BF22E031}.Debug|ARM.ActiveCfg = Debug|Any CPU
		{4E644DDA-CA12-47AA-9727-1FE0BF22E031}.Debug|ARM.Build.0 = Debug|Any CPU
		{4E644DDA-CA12-47AA-9727-1FE0BF22E031}.Debug|ARM.Deploy.0 = Debug|Any CPU
		{4E644DDA-CA12-47AA-9727-1FE0BF22E031}.Debug|iPhone.ActiveCfg = Debug|Any CPU
		{4E644DDA-CA12-47AA-9727-1FE0BF22E031}.Debug|iPhone.Build.0 = Debug|Any CPU
		{4E644DDA-CA12-47AA-9727-1FE0BF22E031}.Debug|iPhone.Deploy.0 = Debug|Any CPU
		{4E644DDA-CA12-47AA-9727-1FE0BF22E031}.Debug|iPhoneSimulator.ActiveCfg = Debug|Any CPU
		{4E644DDA-CA12-47AA-9727-1FE0BF22E031}.Debug|iPhoneSimulator.Build.0 = Debug|Any CPU
		{4E644DDA-CA12-47AA-9727-1FE0BF22E031}.Debug|iPhoneSimulator.Deploy.0 = Debug|Any CPU
		{4E644DDA-CA12-47AA-9727-1FE0BF22E031}.Debug|x64.ActiveCfg = Debug|Any CPU
		{4E644DDA-CA12-47AA-9727-1FE0BF22E031}.Debug|x64.Build.0 = Debug|Any CPU
		{4E644DDA-CA12-47AA-9727-1FE0BF22E031}.Debug|x64.Deploy.0 = Debug|Any CPU
		{4E644DDA-CA12-47AA-9727-1FE0BF22E031}.Debug|x86.ActiveCfg = Debug|Any CPU
		{4E644DDA-CA12-47AA-9727-1FE0BF22E031}.Debug|x86.Build.0 = Debug|Any CPU
		{4E644DDA-CA12-47AA-9727-1FE0BF22E031}.Debug|x86.Deploy.0 = Debug|Any CPU
		{4E644DDA-CA12-47AA-9727-1FE0BF22E031}.Release|Any CPU.ActiveCfg = Release|Any CPU
		{4E644DDA-CA12-47AA-9727-1FE0BF22E031}.Release|Any CPU.Build.0 = Release|Any CPU
		{4E644DDA-CA12-47AA-9727-1FE0BF22E031}.Release|Any CPU.Deploy.0 = Release|Any CPU
		{4E644DDA-CA12-47AA-9727-1FE0BF22E031}.Release|ARM.ActiveCfg = Release|Any CPU
		{4E644DDA-CA12-47AA-9727-1FE0BF22E031}.Release|ARM.Build.0 = Release|Any CPU
		{4E644DDA-CA12-47AA-9727-1FE0BF22E031}.Release|ARM.Deploy.0 = Release|Any CPU
		{4E644DDA-CA12-47AA-9727-1FE0BF22E031}.Release|iPhone.ActiveCfg = Release|Any CPU
		{4E644DDA-CA12-47AA-9727-1FE0BF22E031}.Release|iPhone.Build.0 = Release|Any CPU
		{4E644DDA-CA12-47AA-9727-1FE0BF22E031}.Release|iPhone.Deploy.0 = Release|Any CPU
		{4E644DDA-CA12-47AA-9727-1FE0BF22E031}.Release|iPhoneSimulator.ActiveCfg = Release|Any CPU
		{4E644DDA-CA12-47AA-9727-1FE0BF22E031}.Release|iPhoneSimulator.Build.0 = Release|Any CPU
		{4E644DDA-CA12-47AA-9727-1FE0BF22E031}.Release|iPhoneSimulator.Deploy.0 = Release|Any CPU
		{4E644DDA-CA12-47AA-9727-1FE0BF22E031}.Release|x64.ActiveCfg = Release|Any CPU
		{4E644DDA-CA12-47AA-9727-1FE0BF22E031}.Release|x64.Build.0 = Release|Any CPU
		{4E644DDA-CA12-47AA-9727-1FE0BF22E031}.Release|x64.Deploy.0 = Release|Any CPU
		{4E644DDA-CA12-47AA-9727-1FE0BF22E031}.Release|x86.ActiveCfg = Release|Any CPU
		{4E644DDA-CA12-47AA-9727-1FE0BF22E031}.Release|x86.Build.0 = Release|Any CPU
		{4E644DDA-CA12-47AA-9727-1FE0BF22E031}.Release|x86.Deploy.0 = Release|Any CPU
		{F8E57DEA-3CD5-41E1-91AD-1DA7643876CA}.Ad-Hoc|Any CPU.ActiveCfg = Ad-Hoc|iPhone
		{F8E57DEA-3CD5-41E1-91AD-1DA7643876CA}.Ad-Hoc|ARM.ActiveCfg = Ad-Hoc|iPhone
		{F8E57DEA-3CD5-41E1-91AD-1DA7643876CA}.Ad-Hoc|iPhone.ActiveCfg = Ad-Hoc|iPhone
		{F8E57DEA-3CD5-41E1-91AD-1DA7643876CA}.Ad-Hoc|iPhone.Build.0 = Ad-Hoc|iPhone
		{F8E57DEA-3CD5-41E1-91AD-1DA7643876CA}.Ad-Hoc|iPhoneSimulator.ActiveCfg = Ad-Hoc|iPhoneSimulator
		{F8E57DEA-3CD5-41E1-91AD-1DA7643876CA}.Ad-Hoc|iPhoneSimulator.Build.0 = Ad-Hoc|iPhoneSimulator
		{F8E57DEA-3CD5-41E1-91AD-1DA7643876CA}.Ad-Hoc|x64.ActiveCfg = Ad-Hoc|iPhone
		{F8E57DEA-3CD5-41E1-91AD-1DA7643876CA}.Ad-Hoc|x86.ActiveCfg = Ad-Hoc|iPhone
		{F8E57DEA-3CD5-41E1-91AD-1DA7643876CA}.AppStore|Any CPU.ActiveCfg = AppStore|iPhone
		{F8E57DEA-3CD5-41E1-91AD-1DA7643876CA}.AppStore|ARM.ActiveCfg = AppStore|iPhone
		{F8E57DEA-3CD5-41E1-91AD-1DA7643876CA}.AppStore|iPhone.ActiveCfg = AppStore|iPhone
		{F8E57DEA-3CD5-41E1-91AD-1DA7643876CA}.AppStore|iPhone.Build.0 = AppStore|iPhone
		{F8E57DEA-3CD5-41E1-91AD-1DA7643876CA}.AppStore|iPhoneSimulator.ActiveCfg = AppStore|iPhoneSimulator
		{F8E57DEA-3CD5-41E1-91AD-1DA7643876CA}.AppStore|iPhoneSimulator.Build.0 = AppStore|iPhoneSimulator
		{F8E57DEA-3CD5-41E1-91AD-1DA7643876CA}.AppStore|x64.ActiveCfg = AppStore|iPhone
		{F8E57DEA-3CD5-41E1-91AD-1DA7643876CA}.AppStore|x86.ActiveCfg = AppStore|iPhone
		{F8E57DEA-3CD5-41E1-91AD-1DA7643876CA}.Debug|Any CPU.ActiveCfg = Debug|iPhone
		{F8E57DEA-3CD5-41E1-91AD-1DA7643876CA}.Debug|ARM.ActiveCfg = Debug|iPhone
		{F8E57DEA-3CD5-41E1-91AD-1DA7643876CA}.Debug|iPhone.ActiveCfg = Debug|iPhone
		{F8E57DEA-3CD5-41E1-91AD-1DA7643876CA}.Debug|iPhone.Build.0 = Debug|iPhone
		{F8E57DEA-3CD5-41E1-91AD-1DA7643876CA}.Debug|iPhoneSimulator.ActiveCfg = Debug|iPhoneSimulator
		{F8E57DEA-3CD5-41E1-91AD-1DA7643876CA}.Debug|iPhoneSimulator.Build.0 = Debug|iPhoneSimulator
		{F8E57DEA-3CD5-41E1-91AD-1DA7643876CA}.Debug|x64.ActiveCfg = Debug|iPhone
		{F8E57DEA-3CD5-41E1-91AD-1DA7643876CA}.Debug|x86.ActiveCfg = Debug|iPhone
		{F8E57DEA-3CD5-41E1-91AD-1DA7643876CA}.Release|Any CPU.ActiveCfg = Release|iPhone
		{F8E57DEA-3CD5-41E1-91AD-1DA7643876CA}.Release|ARM.ActiveCfg = Release|iPhone
		{F8E57DEA-3CD5-41E1-91AD-1DA7643876CA}.Release|iPhone.ActiveCfg = Release|iPhone
		{F8E57DEA-3CD5-41E1-91AD-1DA7643876CA}.Release|iPhone.Build.0 = Release|iPhone
		{F8E57DEA-3CD5-41E1-91AD-1DA7643876CA}.Release|iPhoneSimulator.ActiveCfg = Release|iPhoneSimulator
		{F8E57DEA-3CD5-41E1-91AD-1DA7643876CA}.Release|iPhoneSimulator.Build.0 = Release|iPhoneSimulator
		{F8E57DEA-3CD5-41E1-91AD-1DA7643876CA}.Release|x64.ActiveCfg = Release|iPhone
		{F8E57DEA-3CD5-41E1-91AD-1DA7643876CA}.Release|x86.ActiveCfg = Release|iPhone
		{B761D7B5-0915-462B-8C7A-E6413B8F9CB8}.Ad-Hoc|Any CPU.ActiveCfg = Release|Any CPU
		{B761D7B5-0915-462B-8C7A-E6413B8F9CB8}.Ad-Hoc|Any CPU.Build.0 = Release|Any CPU
		{B761D7B5-0915-462B-8C7A-E6413B8F9CB8}.Ad-Hoc|Any CPU.Deploy.0 = Release|Any CPU
		{B761D7B5-0915-462B-8C7A-E6413B8F9CB8}.Ad-Hoc|ARM.ActiveCfg = Release|ARM
		{B761D7B5-0915-462B-8C7A-E6413B8F9CB8}.Ad-Hoc|ARM.Build.0 = Release|ARM
		{B761D7B5-0915-462B-8C7A-E6413B8F9CB8}.Ad-Hoc|ARM.Deploy.0 = Release|ARM
		{B761D7B5-0915-462B-8C7A-E6413B8F9CB8}.Ad-Hoc|iPhone.ActiveCfg = Release|Any CPU
		{B761D7B5-0915-462B-8C7A-E6413B8F9CB8}.Ad-Hoc|iPhone.Build.0 = Release|Any CPU
		{B761D7B5-0915-462B-8C7A-E6413B8F9CB8}.Ad-Hoc|iPhone.Deploy.0 = Release|Any CPU
		{B761D7B5-0915-462B-8C7A-E6413B8F9CB8}.Ad-Hoc|iPhoneSimulator.ActiveCfg = Release|Any CPU
		{B761D7B5-0915-462B-8C7A-E6413B8F9CB8}.Ad-Hoc|iPhoneSimulator.Build.0 = Release|Any CPU
		{B761D7B5-0915-462B-8C7A-E6413B8F9CB8}.Ad-Hoc|iPhoneSimulator.Deploy.0 = Release|Any CPU
		{B761D7B5-0915-462B-8C7A-E6413B8F9CB8}.Ad-Hoc|x64.ActiveCfg = Release|Any CPU
		{B761D7B5-0915-462B-8C7A-E6413B8F9CB8}.Ad-Hoc|x64.Build.0 = Release|Any CPU
		{B761D7B5-0915-462B-8C7A-E6413B8F9CB8}.Ad-Hoc|x64.Deploy.0 = Release|Any CPU
		{B761D7B5-0915-462B-8C7A-E6413B8F9CB8}.Ad-Hoc|x86.ActiveCfg = Release|x86
		{B761D7B5-0915-462B-8C7A-E6413B8F9CB8}.Ad-Hoc|x86.Build.0 = Release|x86
		{B761D7B5-0915-462B-8C7A-E6413B8F9CB8}.Ad-Hoc|x86.Deploy.0 = Release|x86
		{B761D7B5-0915-462B-8C7A-E6413B8F9CB8}.AppStore|Any CPU.ActiveCfg = Release|Any CPU
		{B761D7B5-0915-462B-8C7A-E6413B8F9CB8}.AppStore|Any CPU.Build.0 = Release|Any CPU
		{B761D7B5-0915-462B-8C7A-E6413B8F9CB8}.AppStore|Any CPU.Deploy.0 = Release|Any CPU
		{B761D7B5-0915-462B-8C7A-E6413B8F9CB8}.AppStore|ARM.ActiveCfg = Release|ARM
		{B761D7B5-0915-462B-8C7A-E6413B8F9CB8}.AppStore|ARM.Build.0 = Release|ARM
		{B761D7B5-0915-462B-8C7A-E6413B8F9CB8}.AppStore|ARM.Deploy.0 = Release|ARM
		{B761D7B5-0915-462B-8C7A-E6413B8F9CB8}.AppStore|iPhone.ActiveCfg = Release|Any CPU
		{B761D7B5-0915-462B-8C7A-E6413B8F9CB8}.AppStore|iPhone.Build.0 = Release|Any CPU
		{B761D7B5-0915-462B-8C7A-E6413B8F9CB8}.AppStore|iPhone.Deploy.0 = Release|Any CPU
		{B761D7B5-0915-462B-8C7A-E6413B8F9CB8}.AppStore|iPhoneSimulator.ActiveCfg = Release|Any CPU
		{B761D7B5-0915-462B-8C7A-E6413B8F9CB8}.AppStore|iPhoneSimulator.Build.0 = Release|Any CPU
		{B761D7B5-0915-462B-8C7A-E6413B8F9CB8}.AppStore|iPhoneSimulator.Deploy.0 = Release|Any CPU
		{B761D7B5-0915-462B-8C7A-E6413B8F9CB8}.AppStore|x64.ActiveCfg = Release|Any CPU
		{B761D7B5-0915-462B-8C7A-E6413B8F9CB8}.AppStore|x64.Build.0 = Release|Any CPU
		{B761D7B5-0915-462B-8C7A-E6413B8F9CB8}.AppStore|x64.Deploy.0 = Release|Any CPU
		{B761D7B5-0915-462B-8C7A-E6413B8F9CB8}.AppStore|x86.ActiveCfg = Release|x86
		{B761D7B5-0915-462B-8C7A-E6413B8F9CB8}.AppStore|x86.Build.0 = Release|x86
		{B761D7B5-0915-462B-8C7A-E6413B8F9CB8}.AppStore|x86.Deploy.0 = Release|x86
		{B761D7B5-0915-462B-8C7A-E6413B8F9CB8}.Debug|Any CPU.ActiveCfg = Debug|Any CPU
		{B761D7B5-0915-462B-8C7A-E6413B8F9CB8}.Debug|Any CPU.Build.0 = Debug|Any CPU
		{B761D7B5-0915-462B-8C7A-E6413B8F9CB8}.Debug|Any CPU.Deploy.0 = Debug|Any CPU
		{B761D7B5-0915-462B-8C7A-E6413B8F9CB8}.Debug|ARM.ActiveCfg = Debug|ARM
		{B761D7B5-0915-462B-8C7A-E6413B8F9CB8}.Debug|ARM.Build.0 = Debug|ARM
		{B761D7B5-0915-462B-8C7A-E6413B8F9CB8}.Debug|ARM.Deploy.0 = Debug|ARM
		{B761D7B5-0915-462B-8C7A-E6413B8F9CB8}.Debug|iPhone.ActiveCfg = Debug|Any CPU
		{B761D7B5-0915-462B-8C7A-E6413B8F9CB8}.Debug|iPhone.Build.0 = Debug|Any CPU
		{B761D7B5-0915-462B-8C7A-E6413B8F9CB8}.Debug|iPhone.Deploy.0 = Debug|Any CPU
		{B761D7B5-0915-462B-8C7A-E6413B8F9CB8}.Debug|iPhoneSimulator.ActiveCfg = Debug|Any CPU
		{B761D7B5-0915-462B-8C7A-E6413B8F9CB8}.Debug|iPhoneSimulator.Build.0 = Debug|Any CPU
		{B761D7B5-0915-462B-8C7A-E6413B8F9CB8}.Debug|iPhoneSimulator.Deploy.0 = Debug|Any CPU
		{B761D7B5-0915-462B-8C7A-E6413B8F9CB8}.Debug|x64.ActiveCfg = Debug|Any CPU
		{B761D7B5-0915-462B-8C7A-E6413B8F9CB8}.Debug|x64.Build.0 = Debug|Any CPU
		{B761D7B5-0915-462B-8C7A-E6413B8F9CB8}.Debug|x64.Deploy.0 = Debug|Any CPU
		{B761D7B5-0915-462B-8C7A-E6413B8F9CB8}.Debug|x86.ActiveCfg = Debug|x86
		{B761D7B5-0915-462B-8C7A-E6413B8F9CB8}.Debug|x86.Build.0 = Debug|x86
		{B761D7B5-0915-462B-8C7A-E6413B8F9CB8}.Debug|x86.Deploy.0 = Debug|x86
		{B761D7B5-0915-462B-8C7A-E6413B8F9CB8}.Release|Any CPU.ActiveCfg = Release|Any CPU
		{B761D7B5-0915-462B-8C7A-E6413B8F9CB8}.Release|Any CPU.Build.0 = Release|Any CPU
		{B761D7B5-0915-462B-8C7A-E6413B8F9CB8}.Release|Any CPU.Deploy.0 = Release|Any CPU
		{B761D7B5-0915-462B-8C7A-E6413B8F9CB8}.Release|ARM.ActiveCfg = Release|ARM
		{B761D7B5-0915-462B-8C7A-E6413B8F9CB8}.Release|ARM.Build.0 = Release|ARM
		{B761D7B5-0915-462B-8C7A-E6413B8F9CB8}.Release|ARM.Deploy.0 = Release|ARM
		{B761D7B5-0915-462B-8C7A-E6413B8F9CB8}.Release|iPhone.ActiveCfg = Release|Any CPU
		{B761D7B5-0915-462B-8C7A-E6413B8F9CB8}.Release|iPhone.Build.0 = Release|Any CPU
		{B761D7B5-0915-462B-8C7A-E6413B8F9CB8}.Release|iPhone.Deploy.0 = Release|Any CPU
		{B761D7B5-0915-462B-8C7A-E6413B8F9CB8}.Release|iPhoneSimulator.ActiveCfg = Release|Any CPU
		{B761D7B5-0915-462B-8C7A-E6413B8F9CB8}.Release|iPhoneSimulator.Build.0 = Release|Any CPU
		{B761D7B5-0915-462B-8C7A-E6413B8F9CB8}.Release|iPhoneSimulator.Deploy.0 = Release|Any CPU
		{B761D7B5-0915-462B-8C7A-E6413B8F9CB8}.Release|x64.ActiveCfg = Release|Any CPU
		{B761D7B5-0915-462B-8C7A-E6413B8F9CB8}.Release|x64.Build.0 = Release|Any CPU
		{B761D7B5-0915-462B-8C7A-E6413B8F9CB8}.Release|x64.Deploy.0 = Release|Any CPU
		{B761D7B5-0915-462B-8C7A-E6413B8F9CB8}.Release|x86.ActiveCfg = Release|x86
		{B761D7B5-0915-462B-8C7A-E6413B8F9CB8}.Release|x86.Build.0 = Release|x86
		{B761D7B5-0915-462B-8C7A-E6413B8F9CB8}.Release|x86.Deploy.0 = Release|x86
		{5842F2CB-B1FC-4F41-95E1-F8E6F18828B8}.Ad-Hoc|Any CPU.ActiveCfg = Release|Any CPU
		{5842F2CB-B1FC-4F41-95E1-F8E6F18828B8}.Ad-Hoc|Any CPU.Build.0 = Release|Any CPU
		{5842F2CB-B1FC-4F41-95E1-F8E6F18828B8}.Ad-Hoc|Any CPU.Deploy.0 = Release|Any CPU
		{5842F2CB-B1FC-4F41-95E1-F8E6F18828B8}.Ad-Hoc|ARM.ActiveCfg = Release|ARM
		{5842F2CB-B1FC-4F41-95E1-F8E6F18828B8}.Ad-Hoc|ARM.Build.0 = Release|ARM
		{5842F2CB-B1FC-4F41-95E1-F8E6F18828B8}.Ad-Hoc|ARM.Deploy.0 = Release|ARM
		{5842F2CB-B1FC-4F41-95E1-F8E6F18828B8}.Ad-Hoc|iPhone.ActiveCfg = Release|Any CPU
		{5842F2CB-B1FC-4F41-95E1-F8E6F18828B8}.Ad-Hoc|iPhone.Build.0 = Release|Any CPU
		{5842F2CB-B1FC-4F41-95E1-F8E6F18828B8}.Ad-Hoc|iPhone.Deploy.0 = Release|Any CPU
		{5842F2CB-B1FC-4F41-95E1-F8E6F18828B8}.Ad-Hoc|iPhoneSimulator.ActiveCfg = Release|Any CPU
		{5842F2CB-B1FC-4F41-95E1-F8E6F18828B8}.Ad-Hoc|iPhoneSimulator.Build.0 = Release|Any CPU
		{5842F2CB-B1FC-4F41-95E1-F8E6F18828B8}.Ad-Hoc|iPhoneSimulator.Deploy.0 = Release|Any CPU
		{5842F2CB-B1FC-4F41-95E1-F8E6F18828B8}.Ad-Hoc|x64.ActiveCfg = Release|x64
		{5842F2CB-B1FC-4F41-95E1-F8E6F18828B8}.Ad-Hoc|x64.Build.0 = Release|x64
		{5842F2CB-B1FC-4F41-95E1-F8E6F18828B8}.Ad-Hoc|x64.Deploy.0 = Release|x64
		{5842F2CB-B1FC-4F41-95E1-F8E6F18828B8}.Ad-Hoc|x86.ActiveCfg = Release|x86
		{5842F2CB-B1FC-4F41-95E1-F8E6F18828B8}.Ad-Hoc|x86.Build.0 = Release|x86
		{5842F2CB-B1FC-4F41-95E1-F8E6F18828B8}.Ad-Hoc|x86.Deploy.0 = Release|x86
		{5842F2CB-B1FC-4F41-95E1-F8E6F18828B8}.AppStore|Any CPU.ActiveCfg = Release|Any CPU
		{5842F2CB-B1FC-4F41-95E1-F8E6F18828B8}.AppStore|Any CPU.Build.0 = Release|Any CPU
		{5842F2CB-B1FC-4F41-95E1-F8E6F18828B8}.AppStore|Any CPU.Deploy.0 = Release|Any CPU
		{5842F2CB-B1FC-4F41-95E1-F8E6F18828B8}.AppStore|ARM.ActiveCfg = Release|ARM
		{5842F2CB-B1FC-4F41-95E1-F8E6F18828B8}.AppStore|ARM.Build.0 = Release|ARM
		{5842F2CB-B1FC-4F41-95E1-F8E6F18828B8}.AppStore|ARM.Deploy.0 = Release|ARM
		{5842F2CB-B1FC-4F41-95E1-F8E6F18828B8}.AppStore|iPhone.ActiveCfg = Release|Any CPU
		{5842F2CB-B1FC-4F41-95E1-F8E6F18828B8}.AppStore|iPhone.Build.0 = Release|Any CPU
		{5842F2CB-B1FC-4F41-95E1-F8E6F18828B8}.AppStore|iPhone.Deploy.0 = Release|Any CPU
		{5842F2CB-B1FC-4F41-95E1-F8E6F18828B8}.AppStore|iPhoneSimulator.ActiveCfg = Release|Any CPU
		{5842F2CB-B1FC-4F41-95E1-F8E6F18828B8}.AppStore|iPhoneSimulator.Build.0 = Release|Any CPU
		{5842F2CB-B1FC-4F41-95E1-F8E6F18828B8}.AppStore|iPhoneSimulator.Deploy.0 = Release|Any CPU
		{5842F2CB-B1FC-4F41-95E1-F8E6F18828B8}.AppStore|x64.ActiveCfg = Release|x64
		{5842F2CB-B1FC-4F41-95E1-F8E6F18828B8}.AppStore|x64.Build.0 = Release|x64
		{5842F2CB-B1FC-4F41-95E1-F8E6F18828B8}.AppStore|x64.Deploy.0 = Release|x64
		{5842F2CB-B1FC-4F41-95E1-F8E6F18828B8}.AppStore|x86.ActiveCfg = Release|x86
		{5842F2CB-B1FC-4F41-95E1-F8E6F18828B8}.AppStore|x86.Build.0 = Release|x86
		{5842F2CB-B1FC-4F41-95E1-F8E6F18828B8}.AppStore|x86.Deploy.0 = Release|x86
		{5842F2CB-B1FC-4F41-95E1-F8E6F18828B8}.Debug|Any CPU.ActiveCfg = Debug|Any CPU
		{5842F2CB-B1FC-4F41-95E1-F8E6F18828B8}.Debug|Any CPU.Build.0 = Debug|Any CPU
		{5842F2CB-B1FC-4F41-95E1-F8E6F18828B8}.Debug|Any CPU.Deploy.0 = Debug|Any CPU
		{5842F2CB-B1FC-4F41-95E1-F8E6F18828B8}.Debug|ARM.ActiveCfg = Debug|ARM
		{5842F2CB-B1FC-4F41-95E1-F8E6F18828B8}.Debug|ARM.Build.0 = Debug|ARM
		{5842F2CB-B1FC-4F41-95E1-F8E6F18828B8}.Debug|ARM.Deploy.0 = Debug|ARM
		{5842F2CB-B1FC-4F41-95E1-F8E6F18828B8}.Debug|iPhone.ActiveCfg = Debug|Any CPU
		{5842F2CB-B1FC-4F41-95E1-F8E6F18828B8}.Debug|iPhone.Build.0 = Debug|Any CPU
		{5842F2CB-B1FC-4F41-95E1-F8E6F18828B8}.Debug|iPhone.Deploy.0 = Debug|Any CPU
		{5842F2CB-B1FC-4F41-95E1-F8E6F18828B8}.Debug|iPhoneSimulator.ActiveCfg = Debug|Any CPU
		{5842F2CB-B1FC-4F41-95E1-F8E6F18828B8}.Debug|iPhoneSimulator.Build.0 = Debug|Any CPU
		{5842F2CB-B1FC-4F41-95E1-F8E6F18828B8}.Debug|iPhoneSimulator.Deploy.0 = Debug|Any CPU
		{5842F2CB-B1FC-4F41-95E1-F8E6F18828B8}.Debug|x64.ActiveCfg = Debug|x64
		{5842F2CB-B1FC-4F41-95E1-F8E6F18828B8}.Debug|x64.Build.0 = Debug|x64
		{5842F2CB-B1FC-4F41-95E1-F8E6F18828B8}.Debug|x64.Deploy.0 = Debug|x64
		{5842F2CB-B1FC-4F41-95E1-F8E6F18828B8}.Debug|x86.ActiveCfg = Debug|x86
		{5842F2CB-B1FC-4F41-95E1-F8E6F18828B8}.Debug|x86.Build.0 = Debug|x86
		{5842F2CB-B1FC-4F41-95E1-F8E6F18828B8}.Debug|x86.Deploy.0 = Debug|x86
		{5842F2CB-B1FC-4F41-95E1-F8E6F18828B8}.Release|Any CPU.ActiveCfg = Release|Any CPU
		{5842F2CB-B1FC-4F41-95E1-F8E6F18828B8}.Release|Any CPU.Build.0 = Release|Any CPU
		{5842F2CB-B1FC-4F41-95E1-F8E6F18828B8}.Release|Any CPU.Deploy.0 = Release|Any CPU
		{5842F2CB-B1FC-4F41-95E1-F8E6F18828B8}.Release|ARM.ActiveCfg = Release|ARM
		{5842F2CB-B1FC-4F41-95E1-F8E6F18828B8}.Release|ARM.Build.0 = Release|ARM
		{5842F2CB-B1FC-4F41-95E1-F8E6F18828B8}.Release|ARM.Deploy.0 = Release|ARM
		{5842F2CB-B1FC-4F41-95E1-F8E6F18828B8}.Release|iPhone.ActiveCfg = Release|Any CPU
		{5842F2CB-B1FC-4F41-95E1-F8E6F18828B8}.Release|iPhone.Build.0 = Release|Any CPU
		{5842F2CB-B1FC-4F41-95E1-F8E6F18828B8}.Release|iPhone.Deploy.0 = Release|Any CPU
		{5842F2CB-B1FC-4F41-95E1-F8E6F18828B8}.Release|iPhoneSimulator.ActiveCfg = Release|Any CPU
		{5842F2CB-B1FC-4F41-95E1-F8E6F18828B8}.Release|iPhoneSimulator.Build.0 = Release|Any CPU
		{5842F2CB-B1FC-4F41-95E1-F8E6F18828B8}.Release|iPhoneSimulator.Deploy.0 = Release|Any CPU
		{5842F2CB-B1FC-4F41-95E1-F8E6F18828B8}.Release|x64.ActiveCfg = Release|x64
		{5842F2CB-B1FC-4F41-95E1-F8E6F18828B8}.Release|x64.Build.0 = Release|x64
		{5842F2CB-B1FC-4F41-95E1-F8E6F18828B8}.Release|x64.Deploy.0 = Release|x64
		{5842F2CB-B1FC-4F41-95E1-F8E6F18828B8}.Release|x86.ActiveCfg = Release|x86
		{5842F2CB-B1FC-4F41-95E1-F8E6F18828B8}.Release|x86.Build.0 = Release|x86
		{5842F2CB-B1FC-4F41-95E1-F8E6F18828B8}.Release|x86.Deploy.0 = Release|x86
	EndGlobalSection
	GlobalSection(SolutionProperties) = preSolution
		HideSolutionNode = FALSE
	EndGlobalSection
	GlobalSection(NestedProjects) = preSolution
		{D0B9E15C-E618-46FA-A3DD-03885D2CA752} = {0B1225AD-C4E6-4813-9C36-276909BF51B5}
		{4E644DDA-CA12-47AA-9727-1FE0BF22E031} = {0B1225AD-C4E6-4813-9C36-276909BF51B5}
		{F8E57DEA-3CD5-41E1-91AD-1DA7643876CA} = {0B1225AD-C4E6-4813-9C36-276909BF51B5}
		{B761D7B5-0915-462B-8C7A-E6413B8F9CB8} = {0B1225AD-C4E6-4813-9C36-276909BF51B5}
		{5842F2CB-B1FC-4F41-95E1-F8E6F18828B8} = {0B1225AD-C4E6-4813-9C36-276909BF51B5}
	EndGlobalSection
EndGlobal
